
Microsoft Visual Studio Solution File, Format Version 12.00
# Visual Studio Version 16
VisualStudioVersion = 16.0.32126.315
MinimumVisualStudioVersion = 10.0.40219.1
Project("{FAE04EC0-301F-11D3-BF4B-00C04F79EFBC}") = "CAMTEX.WEB", "MVCBase\CAMTEX.WEB.csproj", "{179786CA-9FA5-499F-B24E-2D667269CD40}"
EndProject
Project("{FAE04EC0-301F-11D3-BF4B-00C04F79EFBC}") = "CAMTEX.Entidades", "MVCEntities\CAMTEX.Entidades.csproj", "{3FACA0BB-D3A2-49FA-A0AE-46D256395E24}"
EndProject
Project("{2150E333-8FDC-42A3-9474-1A3956D46DE8}") = "10.Util", "10.Util", "{B408676C-258F-41C7-9441-E9804E9E5BC7}"
EndProject
Project("{2150E333-8FDC-42A3-9474-1A3956D46DE8}") = "20.Repositorio", "20.Repositorio", "{CA2BEDB9-7E55-4BFE-A5E4-1D44F7135824}"
EndProject
Project("{2150E333-8FDC-42A3-9474-1A3956D46DE8}") = "30.Aplicacion", "30.Aplicacion", "{43F8FAE1-82F6-40A6-A618-A9A319177D6C}"
EndProject
Project("{2150E333-8FDC-42A3-9474-1A3956D46DE8}") = "40.Servicios", "40.Servicios", "{93767A5E-E3FC-4F29-906E-F301B4E01FFE}"
EndProject
Project("{2150E333-8FDC-42A3-9474-1A3956D46DE8}") = "50.Presentacion", "50.Presentacion", "{7B641F41-A70F-4A5F-823D-358DC6427C72}"
EndProject
Project("{FAE04EC0-301F-11D3-BF4B-00C04F79EFBC}") = "CAMTEX.UtilData", "CAMTEX.UtilData\CAMTEX.UtilData.csproj", "{6C033C16-6D8B-4969-99C6-2E8E0C6B6E47}"
EndProject
Project("{FAE04EC0-301F-11D3-BF4B-00C04F79EFBC}") = "CAMTEX.Repositorio", "CAMTEX.Repositorio\CAMTEX.Repositorio.csproj", "{8CFD26C5-43EA-41FF-994C-12292CC84325}"
EndProject
Project("{FAE04EC0-301F-11D3-BF4B-00C04F79EFBC}") = "CAMTEX.Aplicacion", "CAMTEX.Aplicacion\CAMTEX.Aplicacion.csproj", "{08E3EBA6-67FE-4804-86E7-17F20DA7D739}"
EndProject
Project("{FAE04EC0-301F-11D3-BF4B-00C04F79EFBC}") = "CAMTEX.Aplicacion.Entidades", "CAMTEX.Aplicacion.Entidades\CAMTEX.Aplicacion.Entidades.csproj", "{EDAA20D9-A017-47FE-B946-A0BD698617B1}"
EndProject
Project("{FAE04EC0-301F-11D3-BF4B-00C04F79EFBC}") = "CAMTEX.UtilGeneral", "CAMTEX.UtilGeneral\CAMTEX.UtilGeneral.csproj", "{DC3BF74E-0386-461B-BD43-D318041893F0}"
EndProject
Global
	GlobalSection(SolutionConfigurationPlatforms) = preSolution
		Debug|Any CPU = Debug|Any CPU
		Release|Any CPU = Release|Any CPU
	EndGlobalSection
	GlobalSection(ProjectConfigurationPlatforms) = postSolution
		{179786CA-9FA5-499F-B24E-2D667269CD40}.Debug|Any CPU.ActiveCfg = Debug|Any CPU
		{179786CA-9FA5-499F-B24E-2D667269CD40}.Debug|Any CPU.Build.0 = Debug|Any CPU
		{179786CA-9FA5-499F-B24E-2D667269CD40}.Release|Any CPU.ActiveCfg = Release|Any CPU
		{179786CA-9FA5-499F-B24E-2D667269CD40}.Release|Any CPU.Build.0 = Release|Any CPU
		{3FACA0BB-D3A2-49FA-A0AE-46D256395E24}.Debug|Any CPU.ActiveCfg = Debug|Any CPU
		{3FACA0BB-D3A2-49FA-A0AE-46D256395E24}.Debug|Any CPU.Build.0 = Debug|Any CPU
		{3FACA0BB-D3A2-49FA-A0AE-46D256395E24}.Release|Any CPU.ActiveCfg = Release|Any CPU
		{3FACA0BB-D3A2-49FA-A0AE-46D256395E24}.Release|Any CPU.Build.0 = Release|Any CPU
		{6C033C16-6D8B-4969-99C6-2E8E0C6B6E47}.Debug|Any CPU.ActiveCfg = Debug|Any CPU
		{6C033C16-6D8B-4969-99C6-2E8E0C6B6E47}.Debug|Any CPU.Build.0 = Debug|Any CPU
		{6C033C16-6D8B-4969-99C6-2E8E0C6B6E47}.Release|Any CPU.ActiveCfg = Release|Any CPU
		{6C033C16-6D8B-4969-99C6-2E8E0C6B6E47}.Release|Any CPU.Build.0 = Release|Any CPU
		{8CFD26C5-43EA-41FF-994C-12292CC84325}.Debug|Any CPU.ActiveCfg = Debug|Any CPU
		{8CFD26C5-43EA-41FF-994C-12292CC84325}.Debug|Any CPU.Build.0 = Debug|Any CPU
		{8CFD26C5-43EA-41FF-994C-12292CC84325}.Release|Any CPU.ActiveCfg = Release|Any CPU
		{8CFD26C5-43EA-41FF-994C-12292CC84325}.Release|Any CPU.Build.0 = Release|Any CPU
		{08E3EBA6-67FE-4804-86E7-17F20DA7D739}.Debug|Any CPU.ActiveCfg = Debug|Any CPU
		{08E3EBA6-67FE-4804-86E7-17F20DA7D739}.Debug|Any CPU.Build.0 = Debug|Any CPU
		{08E3EBA6-67FE-4804-86E7-17F20DA7D739}.Release|Any CPU.ActiveCfg = Release|Any CPU
		{08E3EBA6-67FE-4804-86E7-17F20DA7D739}.Release|Any CPU.Build.0 = Release|Any CPU
		{EDAA20D9-A017-47FE-B946-A0BD698617B1}.Debug|Any CPU.ActiveCfg = Debug|Any CPU
		{EDAA20D9-A017-47FE-B946-A0BD698617B1}.Debug|Any CPU.Build.0 = Debug|Any CPU
		{EDAA20D9-A017-47FE-B946-A0BD698617B1}.Release|Any CPU.ActiveCfg = Release|Any CPU
		{EDAA20D9-A017-47FE-B946-A0BD698617B1}.Release|Any CPU.Build.0 = Release|Any CPU
		{DC3BF74E-0386-461B-BD43-D318041893F0}.Debug|Any CPU.ActiveCfg = Debug|Any CPU
		{DC3BF74E-0386-461B-BD43-D318041893F0}.Debug|Any CPU.Build.0 = Debug|Any CPU
		{DC3BF74E-0386-461B-BD43-D318041893F0}.Release|Any CPU.ActiveCfg = Release|Any CPU
		{DC3BF74E-0386-461B-BD43-D318041893F0}.Release|Any CPU.Build.0 = Release|Any CPU
	EndGlobalSection
	GlobalSection(SolutionProperties) = preSolution
		HideSolutionNode = FALSE
	EndGlobalSection
	GlobalSection(NestedProjects) = preSolution
		{179786CA-9FA5-499F-B24E-2D667269CD40} = {7B641F41-A70F-4A5F-823D-358DC6427C72}
		{3FACA0BB-D3A2-49FA-A0AE-46D256395E24} = {CA2BEDB9-7E55-4BFE-A5E4-1D44F7135824}
		{6C033C16-6D8B-4969-99C6-2E8E0C6B6E47} = {B408676C-258F-41C7-9441-E9804E9E5BC7}
		{8CFD26C5-43EA-41FF-994C-12292CC84325} = {CA2BEDB9-7E55-4BFE-A5E4-1D44F7135824}
		{08E3EBA6-67FE-4804-86E7-17F20DA7D739} = {43F8FAE1-82F6-40A6-A618-A9A319177D6C}
		{EDAA20D9-A017-47FE-B946-A0BD698617B1} = {43F8FAE1-82F6-40A6-A618-A9A319177D6C}
		{DC3BF74E-0386-461B-BD43-D318041893F0} = {B408676C-258F-41C7-9441-E9804E9E5BC7}
	EndGlobalSection
	GlobalSection(ExtensibilityGlobals) = postSolution
		SolutionGuid = {EB45BAEC-4927-4E4A-96B6-753B41F56CF5}
	EndGlobalSection
EndGlobal
